<?xml version="1.0" encoding="UTF-8" standalone="yes" ?>
<CodeBlocks_project_file>
	<FileVersion major="1" minor="6" />
	<Project>
		<Option title="Morpion_v18" />
		<Option pch_mode="2" />
		<Option compiler="gcc" />
		<Build>
			<Target title="Debug">
				<Option output="bin/Debug/Morpion_v18" prefix_auto="1" extension_auto="1" />
				<Option object_output="obj/Debug/" />
				<Option type="1" />
				<Option compiler="gcc" />
				<Compiler>
					<Add option="-pedantic" />
					<Add option="-Wall" />
					<Add option="-g" />
				</Compiler>
				<Linker>
					<Add library="libmingw32" />
					<Add library="libSDL2main" />
					<Add library="libSDL2" />
				</Linker>
			</Target>
			<Target title="Release">
				<Option output="bin/Release/Morpion_v18" prefix_auto="1" extension_auto="1" />
				<Option object_output="obj/Release/" />
				<Option type="1" />
				<Option compiler="gcc" />
				<Compiler>
					<Add option="-O2" />
				</Compiler>
				<Linker>
					<Add option="-s" />
					<Add library="libmingw32" />
					<Add library="libSDL2main" />
					<Add library="libSDL2" />
				</Linker>
			</Target>
		</Build>
		<Compiler>
			<Add option="-pedantic" />
			<Add option="-Wall" />
			<Add option="-std=c99" />
			<Add directory="SDL2/x86_64-w64-mingw32/include/SDL2" />
		</Compiler>
		<Linker>
			<Add library="libmingw32" />
			<Add library="libSDL2main" />
			<Add library="libSDL2" />
			<Add directory="SDL2/x86_64-w64-mingw32/lib" />
		</Linker>
		<Unit filename="Affichage.c">
			<Option compilerVar="CC" />
		</Unit>
		<Unit filename="Affichage.h" />
		<Unit filename="AffichageConsole.c">
			<Option compilerVar="CC" />
		</Unit>
		<Unit filename="AffichageConsole.h" />
		<Unit filename="Morpion.c">
			<Option compilerVar="CC" />
		</Unit>
		<Unit filename="Morpion.h" />
		<Unit filename="PList.c">
			<Option compilerVar="CC" />
		</Unit>
		<Unit filename="PList.h" />
		<Unit filename="Position.c">
			<Option compilerVar="CC" />
		</Unit>
		<Unit filename="Position.h" />
		<Unit filename="QList.c">
			<Option compilerVar="CC" />
		</Unit>
		<Unit filename="QList.h" />
		<Unit filename="Quintuplet.c">
			<Option compilerVar="CC" />
		</Unit>
		<Unit filename="Quintuplet.h" />
		<Unit filename="SaveLoad.c">
			<Option compilerVar="CC" />
		</Unit>
		<Unit filename="SaveLoad.h" />
		<Unit filename="SaveLoadInBinary.c">
			<Option compilerVar="CC" />
		</Unit>
		<Unit filename="SaveLoadInBinary.h" />
		<Unit filename="SaveLoadInText.c">
			<Option compilerVar="CC" />
		</Unit>
		<Unit filename="SaveLoadInText.h" />
		<Unit filename="Types.h" />
		<Unit filename="main.c">
			<Option compilerVar="CC" />
		</Unit>
		<Extensions />
	</Project>
</CodeBlocks_project_file>
